Microsoft Visual Studio Solution File, Format Version 11.00
# Visual Studio 2008

Project("{C80A850B-135C-1A87-2E60-86D1EDB13BB1}") = "jigyo", "Assembly-CSharp.csproj", "{BE7138BF-483F-60EE-0E77-820127560C1B}"
EndProject
Global
	GlobalSection(SolutionConfigurationPlatforms) = preSolution
		Debug|Any CPU = Debug|Any CPU
		Release|Any CPU = Release|Any CPU
	EndGlobalSection
	GlobalSection(ProjectConfigurationPlatforms) = postSolution
		{BE7138BF-483F-60EE-0E77-820127560C1B}.Debug|Any CPU.ActiveCfg = Debug|Any CPU
		{BE7138BF-483F-60EE-0E77-820127560C1B}.Debug|Any CPU.Build.0 = Debug|Any CPU
		{BE7138BF-483F-60EE-0E77-820127560C1B}.Release|Any CPU.ActiveCfg = Release|Any CPU
		{BE7138BF-483F-60EE-0E77-820127560C1B}.Release|Any CPU.Build.0 = Release|Any CPU
	EndGlobalSection
	GlobalSection(SolutionProperties) = preSolution
		HideSolutionNode = FALSE
	EndGlobalSection
	GlobalSection(MonoDevelopProperties) = preSolution
		StartupItem = Assembly-CSharp.csproj
	EndGlobalSection
EndGlobal
